
Microsoft Visual Studio Solution File, Format Version 12.00
# Visual Studio Version 16
VisualStudioVersion = 16.0.34114.132
MinimumVisualStudioVersion = 10.0.40219.1
Project("{FAE04EC0-301F-11D3-BF4B-00C04F79EFBC}") = "PainelCadastro", "PainelCadastro.csproj", "{8728E8CD-D7CA-4FA0-B430-11546489FFD2}"
EndProject
Global
	GlobalSection(SolutionConfigurationPlatforms) = preSolution
		Debug|Any CPU = Debug|Any CPU
		Release|Any CPU = Release|Any CPU
	EndGlobalSection
	GlobalSection(ProjectConfigurationPlatforms) = postSolution
		{8728E8CD-D7CA-4FA0-B430-11546489FFD2}.Debug|Any CPU.ActiveCfg = Debug|Any CPU
		{8728E8CD-D7CA-4FA0-B430-11546489FFD2}.Debug|Any CPU.Build.0 = Debug|Any CPU
		{8728E8CD-D7CA-4FA0-B430-11546489FFD2}.Release|Any CPU.ActiveCfg = Release|Any CPU
		{8728E8CD-D7CA-4FA0-B430-11546489FFD2}.Release|Any CPU.Build.0 = Release|Any CPU
	EndGlobalSection
	GlobalSection(SolutionProperties) = preSolution
		HideSolutionNode = FALSE
	EndGlobalSection
	GlobalSection(ExtensibilityGlobals) = postSolution
		SolutionGuid = {C589A82B-EA45-4475-8805-2565F528CBC3}
	EndGlobalSection
EndGlobal
